
Microsoft Visual Studio Solution File, Format Version 12.00
# Visual Studio Version 17
VisualStudioVersion = 17.8.34525.116
MinimumVisualStudioVersion = 10.0.40219.1
Project("{FAE04EC0-301F-11D3-BF4B-00C04F79EFBC}") = "Personel_Kayit", "Personel_Kayit.csproj", "{0148B9C1-F58D-4084-BB5C-5997CB79EA37}"
EndProject
Global
	GlobalSection(SolutionConfigurationPlatforms) = preSolution
		Debug|Any CPU = Debug|Any CPU
		Release|Any CPU = Release|Any CPU
	EndGlobalSection
	GlobalSection(ProjectConfigurationPlatforms) = postSolution
		{0148B9C1-F58D-4084-BB5C-5997CB79EA37}.Debug|Any CPU.ActiveCfg = Debug|Any CPU
		{0148B9C1-F58D-4084-BB5C-5997CB79EA37}.Debug|Any CPU.Build.0 = Debug|Any CPU
		{0148B9C1-F58D-4084-BB5C-5997CB79EA37}.Release|Any CPU.ActiveCfg = Release|Any CPU
		{0148B9C1-F58D-4084-BB5C-5997CB79EA37}.Release|Any CPU.Build.0 = Release|Any CPU
	EndGlobalSection
	GlobalSection(SolutionProperties) = preSolution
		HideSolutionNode = FALSE
	EndGlobalSection
	GlobalSection(ExtensibilityGlobals) = postSolution
		SolutionGuid = {4266CE3A-F7AD-41B2-8C60-C5AD85C12757}
	EndGlobalSection
EndGlobal
